
Microsoft Visual Studio Solution File, Format Version 12.00
# Visual Studio 14
VisualStudioVersion = 14.0.25420.1
MinimumVisualStudioVersion = 10.0.40219.1
Project("{FAE04EC0-301F-11D3-BF4B-00C04F79EFBC}") = "MinerSvc", "MinerSvc\MinerSvc.csproj", "{2D01FA4D-3E83-43ED-9628-60C34C7CCDB6}"
EndProject
Project("{FAE04EC0-301F-11D3-BF4B-00C04F79EFBC}") = "DataModel", "DataModels\DataModel.csproj", "{CDB095C1-CFD9-47B0-BF9A-BB49220F8DE8}"
EndProject
Project("{FAE04EC0-301F-11D3-BF4B-00C04F79EFBC}") = "DataAccessLayer", "DataAccessLayer\DataAccessLayer.csproj", "{3B4681C5-B0A1-4523-8E87-228D1A390CFA}"
EndProject
Project("{FAE04EC0-301F-11D3-BF4B-00C04F79EFBC}") = "Common", "Common\Common.csproj", "{EAA169C8-31E4-4E8B-9AC6-51C984C27393}"
EndProject
Project("{FAE04EC0-301F-11D3-BF4B-00C04F79EFBC}") = "StateMachineSvc", "StateMachineSvc\StateMachineSvc.csproj", "{88EE5007-592B-4F4E-87E7-2AA0A54C7853}"
EndProject
Project("{FAE04EC0-301F-11D3-BF4B-00C04F79EFBC}") = "BlockReaderSvc", "BlockReaderSvc\BlockReaderSvc.csproj", "{8D74D430-C9DC-4E88-9828-92B9157B8143}"
EndProject
Project("{FAE04EC0-301F-11D3-BF4B-00C04F79EFBC}") = "BlockSyncSvc", "BlockSyncSvc\BlockSyncSvc.csproj", "{6A905C39-6CAA-4341-8FBC-DDF0BC886326}"
EndProject
Project("{FAE04EC0-301F-11D3-BF4B-00C04F79EFBC}") = "BlockValidatorSvc", "BlockValidatorSvc\BlockValidatorSvc.csproj", "{CE3A8C3B-170E-4C55-8EE3-55807DED22AF}"
EndProject
Global
	GlobalSection(SolutionConfigurationPlatforms) = preSolution
		Debug|Any CPU = Debug|Any CPU
		Release|Any CPU = Release|Any CPU
	EndGlobalSection
	GlobalSection(ProjectConfigurationPlatforms) = postSolution
		{2D01FA4D-3E83-43ED-9628-60C34C7CCDB6}.Debug|Any CPU.ActiveCfg = Debug|Any CPU
		{2D01FA4D-3E83-43ED-9628-60C34C7CCDB6}.Debug|Any CPU.Build.0 = Debug|Any CPU
		{2D01FA4D-3E83-43ED-9628-60C34C7CCDB6}.Release|Any CPU.ActiveCfg = Release|Any CPU
		{2D01FA4D-3E83-43ED-9628-60C34C7CCDB6}.Release|Any CPU.Build.0 = Release|Any CPU
		{CDB095C1-CFD9-47B0-BF9A-BB49220F8DE8}.Debug|Any CPU.ActiveCfg = Debug|Any CPU
		{CDB095C1-CFD9-47B0-BF9A-BB49220F8DE8}.Debug|Any CPU.Build.0 = Debug|Any CPU
		{CDB095C1-CFD9-47B0-BF9A-BB49220F8DE8}.Release|Any CPU.ActiveCfg = Release|Any CPU
		{CDB095C1-CFD9-47B0-BF9A-BB49220F8DE8}.Release|Any CPU.Build.0 = Release|Any CPU
		{3B4681C5-B0A1-4523-8E87-228D1A390CFA}.Debug|Any CPU.ActiveCfg = Debug|Any CPU
		{3B4681C5-B0A1-4523-8E87-228D1A390CFA}.Debug|Any CPU.Build.0 = Debug|Any CPU
		{3B4681C5-B0A1-4523-8E87-228D1A390CFA}.Release|Any CPU.ActiveCfg = Release|Any CPU
		{3B4681C5-B0A1-4523-8E87-228D1A390CFA}.Release|Any CPU.Build.0 = Release|Any CPU
		{EAA169C8-31E4-4E8B-9AC6-51C984C27393}.Debug|Any CPU.ActiveCfg = Debug|Any CPU
		{EAA169C8-31E4-4E8B-9AC6-51C984C27393}.Debug|Any CPU.Build.0 = Debug|Any CPU
		{EAA169C8-31E4-4E8B-9AC6-51C984C27393}.Release|Any CPU.ActiveCfg = Release|Any CPU
		{EAA169C8-31E4-4E8B-9AC6-51C984C27393}.Release|Any CPU.Build.0 = Release|Any CPU
		{88EE5007-592B-4F4E-87E7-2AA0A54C7853}.Debug|Any CPU.ActiveCfg = Debug|Any CPU
		{88EE5007-592B-4F4E-87E7-2AA0A54C7853}.Debug|Any CPU.Build.0 = Debug|Any CPU
		{88EE5007-592B-4F4E-87E7-2AA0A54C7853}.Release|Any CPU.ActiveCfg = Release|Any CPU
		{88EE5007-592B-4F4E-87E7-2AA0A54C7853}.Release|Any CPU.Build.0 = Release|Any CPU
		{8D74D430-C9DC-4E88-9828-92B9157B8143}.Debug|Any CPU.ActiveCfg = Debug|Any CPU
		{8D74D430-C9DC-4E88-9828-92B9157B8143}.Debug|Any CPU.Build.0 = Debug|Any CPU
		{8D74D430-C9DC-4E88-9828-92B9157B8143}.Release|Any CPU.ActiveCfg = Release|Any CPU
		{8D74D430-C9DC-4E88-9828-92B9157B8143}.Release|Any CPU.Build.0 = Release|Any CPU
		{6A905C39-6CAA-4341-8FBC-DDF0BC886326}.Debug|Any CPU.ActiveCfg = Debug|Any CPU
		{6A905C39-6CAA-4341-8FBC-DDF0BC886326}.Debug|Any CPU.Build.0 = Debug|Any CPU
		{6A905C39-6CAA-4341-8FBC-DDF0BC886326}.Release|Any CPU.ActiveCfg = Release|Any CPU
		{6A905C39-6CAA-4341-8FBC-DDF0BC886326}.Release|Any CPU.Build.0 = Release|Any CPU
		{CE3A8C3B-170E-4C55-8EE3-55807DED22AF}.Debug|Any CPU.ActiveCfg = Debug|Any CPU
		{CE3A8C3B-170E-4C55-8EE3-55807DED22AF}.Debug|Any CPU.Build.0 = Debug|Any CPU
		{CE3A8C3B-170E-4C55-8EE3-55807DED22AF}.Release|Any CPU.ActiveCfg = Release|Any CPU
		{CE3A8C3B-170E-4C55-8EE3-55807DED22AF}.Release|Any CPU.Build.0 = Release|Any CPU
	EndGlobalSection
	GlobalSection(SolutionProperties) = preSolution
		HideSolutionNode = FALSE
	EndGlobalSection
EndGlobal
